{
  "name": "implementation",
  "lockfileVersion": 3,
  "requires": true,
  "packages": {
    "": {
      "devDependencies": {
        "@tanstack/query-core": "5.102.8"
      }
    },
    "node_modules/@tanstack/query-core": {
      "version": "5.102.8",
      "resolved": "https://registry.npmjs.org/@tanstack/query-core/-/query-core-5.102.8.tgz",
      "integrity": "sha512-ZNjkJ33CqvPNec/6lZBnHqLc3EVGPZ9ySLhYahU9TcuRFdmwXewuj0c4hwSWcGHqEUwcSrKeZ+oGcvPBqXcQcg==",
      "dev": true,
      "license": "MIT",
      "funding": {
        "type": "github",
        "url": "https://github.com/sponsors/tannerlinsley"
      }
    }
  }
}
